
Microsoft Visual Studio Solution File, Format Version 12.00
# Visual Studio 15
VisualStudioVersion = 15.0.28010.2048
MinimumVisualStudioVersion = 10.0.40219.1
Project("{FAE04EC0-301F-11D3-BF4B-00C04F79EFBC}") = "RandomizerService", "RandomizerService\RandomizerService.csproj", "{82FD9468-A984-459D-BD50-E45059778AF4}"
EndProject
Project("{FAE04EC0-301F-11D3-BF4B-00C04F79EFBC}") = "RandomizerHost", "RandomizerHost\RandomizerHost.csproj", "{3CB75F03-051A-44BB-B8E1-8F41978F3E56}"
EndProject
Global
	GlobalSection(SolutionConfigurationPlatforms) = preSolution
		Debug|Any CPU = Debug|Any CPU
		Release|Any CPU = Release|Any CPU
	EndGlobalSection
	GlobalSection(ProjectConfigurationPlatforms) = postSolution
		{82FD9468-A984-459D-BD50-E45059778AF4}.Debug|Any CPU.ActiveCfg = Debug|Any CPU
		{82FD9468-A984-459D-BD50-E45059778AF4}.Debug|Any CPU.Build.0 = Debug|Any CPU
		{82FD9468-A984-459D-BD50-E45059778AF4}.Release|Any CPU.ActiveCfg = Release|Any CPU
		{82FD9468-A984-459D-BD50-E45059778AF4}.Release|Any CPU.Build.0 = Release|Any CPU
		{3CB75F03-051A-44BB-B8E1-8F41978F3E56}.Debug|Any CPU.ActiveCfg = Debug|Any CPU
		{3CB75F03-051A-44BB-B8E1-8F41978F3E56}.Debug|Any CPU.Build.0 = Debug|Any CPU
		{3CB75F03-051A-44BB-B8E1-8F41978F3E56}.Release|Any CPU.ActiveCfg = Release|Any CPU
		{3CB75F03-051A-44BB-B8E1-8F41978F3E56}.Release|Any CPU.Build.0 = Release|Any CPU
	EndGlobalSection
	GlobalSection(SolutionProperties) = preSolution
		HideSolutionNode = FALSE
	EndGlobalSection
	GlobalSection(ExtensibilityGlobals) = postSolution
		SolutionGuid = {FF366084-E4A6-4DB8-A379-34767141A5EE}
	EndGlobalSection
EndGlobal
